{
  "version": 2,
  "dependencies": {
    "net10.0-windows7.0": {
      "System.Drawing.Common": {
        "type": "Direct",
        "requested": "[10.0.12, )",
        "resolved": "10.0.12",
        "contentHash": "FBUxiucg2gsnyItbpGgyXI5u8FYLcqdLKS1XJkHHTj3RK1c6kpsJr/Y9i4edUNF7LqCYFrHqpHEvpt8/lNBe9w==",
        "dependencies": {
          "Microsoft.Win32.SystemEvents": "10.0.12"
        }
      },
      "Microsoft.Win32.SystemEvents": {
        "type": "Transitive",
        "resolved": "10.0.12",
        "contentHash": "kdj5cqOwgZCMltEhQ4+WVUoFkMHG08EJfy1MDyS9H+FBg66vTTFyX8YcNl8IQh5wRQv79P+iduQgDGY8ucBR+w=="
      },
      "voicerouter.core": {
        "type": "Project"
      }
    }
  }
}