{
  "version": 2,
  "dependencies": {
    "net10.0-windows7.0": {
      "NAudio.WinMM": {
        "type": "Direct",
        "requested": "[3.1.0, )",
        "resolved": "3.1.0",
        "contentHash": "2LXIZwBQKxDZP+GvTvC9zrHiF0LQ3lvTi5dqgS175hY/bOtqFlDRRhzEnVv/lLFlQ+a1I/ZQ3m6CclTvztkf6A==",
        "dependencies": {
          "NAudio.Core": "3.1.0",
          "NAudio.Midi": "3.1.0"
        }
      },
      "ppy.SDL3-CS": {
        "type": "Direct",
        "requested": "[2026.722.0, )",
        "resolved": "2026.722.0",
        "contentHash": "Sof8ihhvW7z4YTVGoSjrAEeRiddIbvb9zXbEIfBoqRw38suzo6R5V+4krRVb4JwzyahS0tGFnNOxW2hHRr18Dg=="
      },
      "Whisper.net": {
        "type": "Direct",
        "requested": "[1.9.1, )",
        "resolved": "1.9.1",
        "contentHash": "82WAKyyMun44cAXE80sP7vIra1oYhbVp2WrnqJm0CISTfMAvint1k/umt0SvsQH+IkDyekZ3BgMdS3Rag9SZ5A==",
        "dependencies": {
          "Microsoft.Extensions.AI.Abstractions": "10.2.0"
        }
      },
      "Whisper.net.Runtime": {
        "type": "Direct",
        "requested": "[1.9.1, )",
        "resolved": "1.9.1",
        "contentHash": "TipPJkry69VwJ3XL38U082QK5Trqte6NgSOoosuyj/C1eRHabmBbLQ3ujjcDryg5pkXT7wXwAKU5+PxGIJyxkQ==",
        "dependencies": {
          "Whisper.net.Runtime.Metal": "1.9.1"
        }
      },
      "Whisper.net.Runtime.Vulkan": {
        "type": "Direct",
        "requested": "[1.9.1, )",
        "resolved": "1.9.1",
        "contentHash": "2kynHvbAczuEYHKRIR9NYg8xiXaGZHW3hb1Ts+N2dNcmVpA87xJWxA07yDiFnf5+vXz428wK57YWNvxqTJdkKw=="
      },
      "Microsoft.Extensions.AI.Abstractions": {
        "type": "Transitive",
        "resolved": "10.2.0",
        "contentHash": "ONGlIBht0ygEdKc0bCt9XWUiq19/460dAu7fCKzPM34OFJSMQIohEDTJwjCJ8vVp8znNakloc9xFF9+R/eDCYQ=="
      },
      "Microsoft.Win32.SystemEvents": {
        "type": "Transitive",
        "resolved": "10.0.12",
        "contentHash": "kdj5cqOwgZCMltEhQ4+WVUoFkMHG08EJfy1MDyS9H+FBg66vTTFyX8YcNl8IQh5wRQv79P+iduQgDGY8ucBR+w=="
      },
      "NAudio.Core": {
        "type": "Transitive",
        "resolved": "3.1.0",
        "contentHash": "8Hrd3Uqb2wEB64eZYF+0vl9xBadeSn6JnFDsHuGrw87ucJ+pB7u5NzVpHl8OlCNvIvH+sD9b2h4JOqXBuZGYwg==",
        "dependencies": {
          "System.Numerics.Tensors": "9.0.0"
        }
      },
      "NAudio.Midi": {
        "type": "Transitive",
        "resolved": "3.1.0",
        "contentHash": "McIiQyY5o0Q3QlF5oRm+b0A8IE0SorA/9HvNi88bH3MdSnGp7cM/9sze/zqbS/9PFdKYVRZPtoLwqoAF4BgjeA==",
        "dependencies": {
          "NAudio.Core": "3.1.0"
        }
      },
      "System.Numerics.Tensors": {
        "type": "Transitive",
        "resolved": "9.0.0",
        "contentHash": "hyJB4UlpAi19Xr9AXzu2NuagKC4lPfHObNMEAA0HmqFz2rX7wKgzeYzO/jM/eBHDhnUGFFEjk5cOoJaxqg5J4A=="
      },
      "Whisper.net.Runtime.Metal": {
        "type": "Transitive",
        "resolved": "1.9.1",
        "contentHash": "Ut5tZyCUwXMVdThoLvdvQ7GyLwjRMreR/p3LuMJvRiXidQ2AXxx2Tv8UOGtMxvL395AC3+IkHdN/kMfd+EPSEw=="
      },
      "speakforever.routing": {
        "type": "Project",
        "dependencies": {
          "System.Drawing.Common": "[10.0.12, )",
          "VoiceRouter.Core": "[1.0.0, )"
        }
      },
      "voicerouter.core": {
        "type": "Project"
      },
      "System.Drawing.Common": {
        "type": "CentralTransitive",
        "requested": "[10.0.12, )",
        "resolved": "10.0.12",
        "contentHash": "FBUxiucg2gsnyItbpGgyXI5u8FYLcqdLKS1XJkHHTj3RK1c6kpsJr/Y9i4edUNF7LqCYFrHqpHEvpt8/lNBe9w==",
        "dependencies": {
          "Microsoft.Win32.SystemEvents": "10.0.12"
        }
      }
    }
  }
}